
Microsoft Visual Studio Solution File, Format Version 12.00
# Visual Studio Version 16
VisualStudioVersion = 16.0.31624.102
MinimumVisualStudioVersion = 10.0.40219.1
Project("{FAE04EC0-301F-11D3-BF4B-00C04F79EFBC}") = "Bai6", "Bai6.csproj", "{1849138F-A1F8-4EB5-991A-9EEEA2B2009C}"
EndProject
Global
	GlobalSection(SolutionConfigurationPlatforms) = preSolution
		Debug|Any CPU = Debug|Any CPU
		Release|Any CPU = Release|Any CPU
	EndGlobalSection
	GlobalSection(ProjectConfigurationPlatforms) = postSolution
		{1849138F-A1F8-4EB5-991A-9EEEA2B2009C}.Debug|Any CPU.ActiveCfg = Debug|Any CPU
		{1849138F-A1F8-4EB5-991A-9EEEA2B2009C}.Debug|Any CPU.Build.0 = Debug|Any CPU
		{1849138F-A1F8-4EB5-991A-9EEEA2B2009C}.Release|Any CPU.ActiveCfg = Release|Any CPU
		{1849138F-A1F8-4EB5-991A-9EEEA2B2009C}.Release|Any CPU.Build.0 = Release|Any CPU
	EndGlobalSection
	GlobalSection(SolutionProperties) = preSolution
		HideSolutionNode = FALSE
	EndGlobalSection
	GlobalSection(ExtensibilityGlobals) = postSolution
		SolutionGuid = {B4D5BBA3-F490-4A3B-A3C4-69308BC850B7}
	EndGlobalSection
EndGlobal
